
Microsoft Visual Studio Solution File, Format Version 12.00
# Visual Studio Version 16
VisualStudioVersion = 16.0.31025.194
MinimumVisualStudioVersion = 10.0.40219.1
Project("{9A19103F-16F7-4668-BE54-9A1E7A4F7556}") = "Zadanie 1. Lista", "Listy ćwiczenia\Zadanie 1. Lista.csproj", "{C4305575-4534-4FAC-AF41-3AEDD2DB490C}"
EndProject
Project("{FAE04EC0-301F-11D3-BF4B-00C04F79EFBC}") = "Zadanie 2. Kolejka i stos", "Zadanie 2. Kolejka i stos\Zadanie 2. Kolejka i stos.csproj", "{B37E3425-2E7F-4B1E-A039-CCDF0A7AD193}"
EndProject
Global
	GlobalSection(SolutionConfigurationPlatforms) = preSolution
		Debug|Any CPU = Debug|Any CPU
		Release|Any CPU = Release|Any CPU
	EndGlobalSection
	GlobalSection(ProjectConfigurationPlatforms) = postSolution
		{C4305575-4534-4FAC-AF41-3AEDD2DB490C}.Debug|Any CPU.ActiveCfg = Debug|Any CPU
		{C4305575-4534-4FAC-AF41-3AEDD2DB490C}.Debug|Any CPU.Build.0 = Debug|Any CPU
		{C4305575-4534-4FAC-AF41-3AEDD2DB490C}.Release|Any CPU.ActiveCfg = Release|Any CPU
		{C4305575-4534-4FAC-AF41-3AEDD2DB490C}.Release|Any CPU.Build.0 = Release|Any CPU
		{B37E3425-2E7F-4B1E-A039-CCDF0A7AD193}.Debug|Any CPU.ActiveCfg = Debug|Any CPU
		{B37E3425-2E7F-4B1E-A039-CCDF0A7AD193}.Debug|Any CPU.Build.0 = Debug|Any CPU
		{B37E3425-2E7F-4B1E-A039-CCDF0A7AD193}.Release|Any CPU.ActiveCfg = Release|Any CPU
		{B37E3425-2E7F-4B1E-A039-CCDF0A7AD193}.Release|Any CPU.Build.0 = Release|Any CPU
	EndGlobalSection
	GlobalSection(SolutionProperties) = preSolution
		HideSolutionNode = FALSE
	EndGlobalSection
	GlobalSection(ExtensibilityGlobals) = postSolution
		SolutionGuid = {A4599D69-FDB5-4F8C-BB7D-D59435193676}
	EndGlobalSection
EndGlobal
