
Microsoft Visual Studio Solution File, Format Version 12.00
# Visual Studio Version 16
VisualStudioVersion = 16.0.31025.194
MinimumVisualStudioVersion = 10.0.40219.1
Project("{FAE04EC0-301F-11D3-BF4B-00C04F79EFBC}") = "Bank", "Bank\Bank.csproj", "{526CA552-2E4C-41EA-9FB3-8AB161D7838B}"
EndProject
Global
	GlobalSection(SolutionConfigurationPlatforms) = preSolution
		Debug|Any CPU = Debug|Any CPU
		Release|Any CPU = Release|Any CPU
	EndGlobalSection
	GlobalSection(ProjectConfigurationPlatforms) = postSolution
		{526CA552-2E4C-41EA-9FB3-8AB161D7838B}.Debug|Any CPU.ActiveCfg = Debug|Any CPU
		{526CA552-2E4C-41EA-9FB3-8AB161D7838B}.Debug|Any CPU.Build.0 = Debug|Any CPU
		{526CA552-2E4C-41EA-9FB3-8AB161D7838B}.Release|Any CPU.ActiveCfg = Release|Any CPU
		{526CA552-2E4C-41EA-9FB3-8AB161D7838B}.Release|Any CPU.Build.0 = Release|Any CPU
	EndGlobalSection
	GlobalSection(SolutionProperties) = preSolution
		HideSolutionNode = FALSE
	EndGlobalSection
	GlobalSection(ExtensibilityGlobals) = postSolution
		SolutionGuid = {DAEA07B9-FE3C-4697-A66D-4AA0144D0E93}
	EndGlobalSection
EndGlobal
