
Microsoft Visual Studio Solution File, Format Version 12.00
# Visual Studio Version 16
VisualStudioVersion = 16.0.31025.194
MinimumVisualStudioVersion = 10.0.40219.1
Project("{FAE04EC0-301F-11D3-BF4B-00C04F79EFBC}") = "Trojkat", "Trojkat\Trojkat.csproj", "{428A2F87-7214-4274-8ECE-31531C5F5742}"
EndProject
Global
	GlobalSection(SolutionConfigurationPlatforms) = preSolution
		Debug|Any CPU = Debug|Any CPU
		Release|Any CPU = Release|Any CPU
	EndGlobalSection
	GlobalSection(ProjectConfigurationPlatforms) = postSolution
		{428A2F87-7214-4274-8ECE-31531C5F5742}.Debug|Any CPU.ActiveCfg = Debug|Any CPU
		{428A2F87-7214-4274-8ECE-31531C5F5742}.Debug|Any CPU.Build.0 = Debug|Any CPU
		{428A2F87-7214-4274-8ECE-31531C5F5742}.Release|Any CPU.ActiveCfg = Release|Any CPU
		{428A2F87-7214-4274-8ECE-31531C5F5742}.Release|Any CPU.Build.0 = Release|Any CPU
	EndGlobalSection
	GlobalSection(SolutionProperties) = preSolution
		HideSolutionNode = FALSE
	EndGlobalSection
	GlobalSection(ExtensibilityGlobals) = postSolution
		SolutionGuid = {998E0281-B674-4B1D-BBDE-166250A5319E}
	EndGlobalSection
EndGlobal
