
Microsoft Visual Studio Solution File, Format Version 12.00
# Visual Studio Version 16
VisualStudioVersion = 16.0.31025.194
MinimumVisualStudioVersion = 10.0.40219.1
Project("{FAE04EC0-301F-11D3-BF4B-00C04F79EFBC}") = "first_project", "first_project\first_project.csproj", "{679D7989-1808-4F2D-9A86-DF519112087E}"
EndProject
Global
	GlobalSection(SolutionConfigurationPlatforms) = preSolution
		Debug|Any CPU = Debug|Any CPU
		Release|Any CPU = Release|Any CPU
	EndGlobalSection
	GlobalSection(ProjectConfigurationPlatforms) = postSolution
		{679D7989-1808-4F2D-9A86-DF519112087E}.Debug|Any CPU.ActiveCfg = Debug|Any CPU
		{679D7989-1808-4F2D-9A86-DF519112087E}.Debug|Any CPU.Build.0 = Debug|Any CPU
		{679D7989-1808-4F2D-9A86-DF519112087E}.Release|Any CPU.ActiveCfg = Release|Any CPU
		{679D7989-1808-4F2D-9A86-DF519112087E}.Release|Any CPU.Build.0 = Release|Any CPU
	EndGlobalSection
	GlobalSection(SolutionProperties) = preSolution
		HideSolutionNode = FALSE
	EndGlobalSection
	GlobalSection(ExtensibilityGlobals) = postSolution
		SolutionGuid = {E03680AC-8FAA-4020-B7CD-B411C092FAF3}
	EndGlobalSection
EndGlobal
