
Microsoft Visual Studio Solution File, Format Version 12.00
# Visual Studio Version 16
VisualStudioVersion = 16.0.31025.194
MinimumVisualStudioVersion = 10.0.40219.1
Project("{FAE04EC0-301F-11D3-BF4B-00C04F79EFBC}") = "słownik", "słownik\słownik.csproj", "{65E06098-7763-42A1-BD2F-E6985A26AB51}"
EndProject
Global
	GlobalSection(SolutionConfigurationPlatforms) = preSolution
		Debug|Any CPU = Debug|Any CPU
		Release|Any CPU = Release|Any CPU
	EndGlobalSection
	GlobalSection(ProjectConfigurationPlatforms) = postSolution
		{65E06098-7763-42A1-BD2F-E6985A26AB51}.Debug|Any CPU.ActiveCfg = Debug|Any CPU
		{65E06098-7763-42A1-BD2F-E6985A26AB51}.Debug|Any CPU.Build.0 = Debug|Any CPU
		{65E06098-7763-42A1-BD2F-E6985A26AB51}.Release|Any CPU.ActiveCfg = Release|Any CPU
		{65E06098-7763-42A1-BD2F-E6985A26AB51}.Release|Any CPU.Build.0 = Release|Any CPU
	EndGlobalSection
	GlobalSection(SolutionProperties) = preSolution
		HideSolutionNode = FALSE
	EndGlobalSection
	GlobalSection(ExtensibilityGlobals) = postSolution
		SolutionGuid = {FF6DBF0E-8A22-4E32-BBCC-B22A4B079DA7}
	EndGlobalSection
EndGlobal
