
Microsoft Visual Studio Solution File, Format Version 12.00
# Visual Studio Version 16
VisualStudioVersion = 16.0.31025.194
MinimumVisualStudioVersion = 10.0.40219.1
Project("{FAE04EC0-301F-11D3-BF4B-00C04F79EFBC}") = "Bank2", "Bank2\Bank2.csproj", "{BA79D8E9-1D09-4D5D-8C75-135FAF23A0F9}"
EndProject
Global
	GlobalSection(SolutionConfigurationPlatforms) = preSolution
		Debug|Any CPU = Debug|Any CPU
		Release|Any CPU = Release|Any CPU
	EndGlobalSection
	GlobalSection(ProjectConfigurationPlatforms) = postSolution
		{BA79D8E9-1D09-4D5D-8C75-135FAF23A0F9}.Debug|Any CPU.ActiveCfg = Debug|Any CPU
		{BA79D8E9-1D09-4D5D-8C75-135FAF23A0F9}.Debug|Any CPU.Build.0 = Debug|Any CPU
		{BA79D8E9-1D09-4D5D-8C75-135FAF23A0F9}.Release|Any CPU.ActiveCfg = Release|Any CPU
		{BA79D8E9-1D09-4D5D-8C75-135FAF23A0F9}.Release|Any CPU.Build.0 = Release|Any CPU
	EndGlobalSection
	GlobalSection(SolutionProperties) = preSolution
		HideSolutionNode = FALSE
	EndGlobalSection
	GlobalSection(ExtensibilityGlobals) = postSolution
		SolutionGuid = {5DFE84AF-FC44-4F52-B78A-E8DD97A497DD}
	EndGlobalSection
EndGlobal
